// !$*UTF8*$!
{
	archiveVersion = 1;
	classes = {
	};
	objectVersion = 46;
	objects = {

/* Begin PBXBuildFile section */
		DB47601C156CE077008BFF3B /* UIKit.framework in Frameworks */ = {isa = PBXBuildFile; fileRef = DB47601B156CE077008BFF3B /* UIKit.framework */; };
		DB47601E156CE077008BFF3B /* Foundation.framework in Frameworks */ = {isa = PBXBuildFile; fileRef = DB47601D156CE077008BFF3B /* Foundation.framework */; };
		DB476020156CE077008BFF3B /* CoreGraphics.framework in Frameworks */ = {isa = PBXBuildFile; fileRef = DB47601F156CE077008BFF3B /* CoreGraphics.framework */; };
		DB476026156CE077008BFF3B /* InfoPlist.strings in Resources */ = {isa = PBXBuildFile; fileRef = DB476024156CE077008BFF3B /* InfoPlist.strings */; };
		DB476028156CE077008BFF3B /* main.m in Sources */ = {isa = PBXBuildFile; fileRef = DB476027156CE077008BFF3B /* main.m */; };
		DB47602C156CE077008BFF3B /* AppDelegate.m in Sources */ = {isa = PBXBuildFile; fileRef = DB47602B156CE077008BFF3B /* AppDelegate.m */; };
		DB47602F156CE077008BFF3B /* ViewController.m in Sources */ = {isa = PBXBuildFile; fileRef = DB47602E156CE077008BFF3B /* ViewController.m */; };
		DB476032156CE077008BFF3B /* ViewController.xib in Resources */ = {isa = PBXBuildFile; fileRef = DB476030156CE077008BFF3B /* ViewController.xib */; };
/* End PBXBuildFile section */

/* Begin PBXFileReference section */
		DB476017156CE077008BFF3B /* NSCalenderSample.app */ = {isa = PBXFileReference; explicitFileType = wrapper.application; includeInIndex = 0; path = NSCalenderSample.app; sourceTree = BUILT_PRODUCTS_DIR; };
		DB47601B156CE077008BFF3B /* UIKit.framework */ = {isa = PBXFileReference; lastKnownFileType = wrapper.framework; name = UIKit.framework; path = System/Library/Frameworks/UIKit.framework; sourceTree = SDKROOT; };
		DB47601D156CE077008BFF3B /* Foundation.framework */ = {isa = PBXFileReference; lastKnownFileType = wrapper.framework; name = Foundation.framework; path = System/Library/Frameworks/Foundation.framework; sourceTree = SDKROOT; };
		DB47601F156CE077008BFF3B /* CoreGraphics.framework */ = {isa = PBXFileReference; lastKnownFileType = wrapper.framework; name = CoreGraphics.framework; path = System/Library/Frameworks/CoreGraphics.framework; sourceTree = SDKROOT; };
		DB476023156CE077008BFF3B /* NSCalenderSample-Info.plist */ = {isa = PBXFileReference; path = "NSCalenderSample-Info.plist"; sourceTree = "<group>"; };
		DB476025156CE077008BFF3B /* en */ = {isa = PBXFileReference; lastKnownFileType = text.plist.strings; name = en; path = en.lproj/InfoPlist.strings; sourceTree = "<group>"; };
		DB476027156CE077008BFF3B /* main.m */ = {isa = PBXFileReference; lastKnownFileType = sourcecode.c.objc; path = main.m; sourceTree = "<group>"; };
		DB476029156CE077008BFF3B /* NSCalenderSample-Prefix.pch */ = {isa = PBXFileReference; path = "NSCalenderSample-Prefix.pch"; sourceTree = "<group>"; };
		DB47602A156CE077008BFF3B /* AppDelegate.h */ = {isa = PBXFileReference; path = AppDelegate.h; sourceTree = "<group>"; };
		DB47602B156CE077008BFF3B /* AppDelegate.m */ = {isa = PBXFileReference; lastKnownFileType = sourcecode.c.objc; path = AppDelegate.m; sourceTree = "<group>"; };
		DB47602D156CE077008BFF3B /* ViewController.h */ = {isa = PBXFileReference; path = ViewController.h; sourceTree = "<group>"; };
		DB47602E156CE077008BFF3B /* ViewController.m */ = {isa = PBXFileReference; lastKnownFileType = sourcecode.c.objc; path = ViewController.m; sourceTree = "<group>"; };
		DB476031156CE077008BFF3B /* en */ = {isa = PBXFileReference; lastKnownFileType = file.xib; name = en; path = en.lproj/ViewController.xib; sourceTree = "<group>"; };
/* End PBXFileReference section */

/* Begin PBXFrameworksBuildPhase section */
		DB476014156CE077008BFF3B /* Frameworks */ = {
			isa = PBXFrameworksBuildPhase;
			buildActionMask = 2147483647;
			files = (
				DB47601C156CE077008BFF3B /* UIKit.framework in Frameworks */,
				DB47601E156CE077008BFF3B /* Foundation.framework in Frameworks */,
				DB476020156CE077008BFF3B /* CoreGraphics.framework in Frameworks */,
			);
			runOnlyForDeploymentPostprocessing = 0;
		};
/* End PBXFrameworksBuildPhase section */

/* Begin PBXGroup section */
		DB47600C156CE076008BFF3B = {
			isa = PBXGroup;
			children = (
				DB476021156CE077008BFF3B /* NSCalenderSample */,
				DB47601A156CE077008BFF3B /* Frameworks */,
				DB476018156CE077008BFF3B /* Products */,
			);
			sourceTree = "<group>";
		};
		DB476018156CE077008BFF3B /* Products */ = {
			isa = PBXGroup;
			children = (
				DB476017156CE077008BFF3B /* NSCalenderSample.app */,
			);
			name = Products;
			sourceTree = "<group>";
		};
		DB47601A156CE077008BFF3B /* Frameworks */ = {
			isa = PBXGroup;
			children = (
				DB47601B156CE077008BFF3B /* UIKit.framework */,
				DB47601D156CE077008BFF3B /* Foundation.framework */,
				DB47601F156CE077008BFF3B /* CoreGraphics.framework */,
			);
			name = Frameworks;
			sourceTree = "<group>";
		};
		DB476021156CE077008BFF3B /* NSCalenderSample */ = {
			isa = PBXGroup;
			children = (
				DB47602A156CE077008BFF3B /* AppDelegate.h */,
				DB47602B156CE077008BFF3B /* AppDelegate.m */,
				DB47602D156CE077008BFF3B /* ViewController.h */,
				DB47602E156CE077008BFF3B /* ViewController.m */,
				DB476030156CE077008BFF3B /* ViewController.xib */,
				DB476022156CE077008BFF3B /* Supporting Files */,
			);
			path = NSCalenderSample;
			sourceTree = "<group>";
		};
		DB476022156CE077008BFF3B /* Supporting Files */ = {
			isa = PBXGroup;
			children = (
				DB476023156CE077008BFF3B /* NSCalenderSample-Info.plist */,
				DB476024156CE077008BFF3B /* InfoPlist.strings */,
				DB476027156CE077008BFF3B /* main.m */,
				DB476029156CE077008BFF3B /* NSCalenderSample-Prefix.pch */,
			);
			name = "Supporting Files";
			sourceTree = "<group>";
		};
/* End PBXGroup section */

/* Begin PBXNativeTarget section */
		DB476016156CE077008BFF3B /* NSCalenderSample */ = {
			isa = PBXNativeTarget;
			buildConfigurationList = DB476035156CE077008BFF3B /* Build configuration list for PBXNativeTarget "NSCalenderSample" */;
			buildPhases = (
				DB476013156CE077008BFF3B /* Sources */,
				DB476014156CE077008BFF3B /* Frameworks */,
				DB476015156CE077008BFF3B /* Resources */,
			);
			buildRules = (
			);
			dependencies = (
			);
			name = NSCalenderSample;
			productName = NSCalenderSample;
			productReference = DB476017156CE077008BFF3B /* NSCalenderSample.app */;
			productType = "com.apple.product-type.application";
		};
/* End PBXNativeTarget section */

/* Begin PBXProject section */
		DB47600E156CE076008BFF3B /* Project object */ = {
			isa = PBXProject;
			attributes = {
				LastUpgradeCheck = 0430;
				ORGANIZATIONNAME = "Keio University";
			};
			buildConfigurationList = DB476011156CE076008BFF3B /* Build configuration list for PBXProject "NSCalenderSample" */;
			compatibilityVersion = "Xcode 3.2";
			developmentRegion = English;
			hasScannedForEncodings = 0;
			knownRegions = (
				en,
			);
			mainGroup = DB47600C156CE076008BFF3B;
			productRefGroup = DB476018156CE077008BFF3B /* Products */;
			projectDirPath = "";
			projectRoot = "";
			targets = (
				DB476016156CE077008BFF3B /* NSCalenderSample */,
			);
		};
/* End PBXProject section */

/* Begin PBXResourcesBuildPhase section */
		DB476015156CE077008BFF3B /* Resources */ = {
			isa = PBXResourcesBuildPhase;
			buildActionMask = 2147483647;
			files = (
				DB476026156CE077008BFF3B /* InfoPlist.strings in Resources */,
				DB476032156CE077008BFF3B /* ViewController.xib in Resources */,
			);
			runOnlyForDeploymentPostprocessing = 0;
		};
/* End PBXResourcesBuildPhase section */

/* Begin PBXSourcesBuildPhase section */
		DB476013156CE077008BFF3B /* Sources */ = {
			isa = PBXSourcesBuildPhase;
			buildActionMask = 2147483647;
			files = (
				DB476028156CE077008BFF3B /* main.m in Sources */,
				DB47602C156CE077008BFF3B /* AppDelegate.m in Sources */,
				DB47602F156CE077008BFF3B /* ViewController.m in Sources */,
			);
			runOnlyForDeploymentPostprocessing = 0;
		};
/* End PBXSourcesBuildPhase section */

/* Begin PBXVariantGroup section */
		DB476024156CE077008BFF3B /* InfoPlist.strings */ = {
			isa = PBXVariantGroup;
			children = (
				DB476025156CE077008BFF3B /* en */,
			);
			name = InfoPlist.strings;
			sourceTree = "<group>";
		};
		DB476030156CE077008BFF3B /* ViewController.xib */ = {
			isa = PBXVariantGroup;
			children = (
				DB476031156CE077008BFF3B /* en */,
			);
			name = ViewController.xib;
			sourceTree = "<group>";
		};
/* End PBXVariantGroup section */

/* Begin XCBuildConfiguration section */
		DB476033156CE077008BFF3B /* Debug */ = {
			isa = XCBuildConfiguration;
			buildSettings = {
				ALWAYS_SEARCH_USER_PATHS = NO;
				ARCHS = "$(ARCHS_STANDARD_32_BIT)";
				CLANG_ENABLE_OBJC_ARC = YES;
				"CODE_SIGN_IDENTITY[sdk=iphoneos*]" = "iPhone Developer";
				COPY_PHASE_STRIP = NO;
				GCC_C_LANGUAGE_STANDARD = gnu99;
				GCC_DYNAMIC_NO_PIC = NO;
				GCC_OPTIMIZATION_LEVEL = 0;
				GCC_PREPROCESSOR_DEFINITIONS = (
					"DEBUG=1",
					"$(inherited)",
				);
				GCC_SYMBOLS_PRIVATE_EXTERN = NO;
				GCC_VERSION = com.apple.compilers.llvm.clang.1_0;
				GCC_WARN_ABOUT_RETURN_TYPE = YES;
				GCC_WARN_UNINITIALIZED_AUTOS = YES;
				GCC_WARN_UNUSED_VARIABLE = YES;
				IPHONEOS_DEPLOYMENT_TARGET = 5.1;
				SDKROOT = iphoneos;
			};
			name = Debug;
		};
		DB476034156CE077008BFF3B /* Release */ = {
			isa = XCBuildConfiguration;
			buildSettings = {
				ALWAYS_SEARCH_USER_PATHS = NO;
				ARCHS = "$(ARCHS_STANDARD_32_BIT)";
				CLANG_ENABLE_OBJC_ARC = YES;
				"CODE_SIGN_IDENTITY[sdk=iphoneos*]" = "iPhone Developer";
				COPY_PHASE_STRIP = YES;
				GCC_C_LANGUAGE_STANDARD = gnu99;
				GCC_VERSION = com.apple.compilers.llvm.clang.1_0;
				GCC_WARN_ABOUT_RETURN_TYPE = YES;
				GCC_WARN_UNINITIALIZED_AUTOS = YES;
				GCC_WARN_UNUSED_VARIABLE = YES;
				IPHONEOS_DEPLOYMENT_TARGET = 5.1;
				OTHER_CFLAGS = "-DNS_BLOCK_ASSERTIONS=1";
				SDKROOT = iphoneos;
				VALIDATE_PRODUCT = YES;
			};
			name = Release;
		};
		DB476036156CE077008BFF3B /* Debug */ = {
			isa = XCBuildConfiguration;
			buildSettings = {
				GCC_PRECOMPILE_PREFIX_HEADER = YES;
				GCC_PREFIX_HEADER = "NSCalenderSample/NSCalenderSample-Prefix.pch";
				INFOPLIST_FILE = "NSCalenderSample/NSCalenderSample-Info.plist";
				PRODUCT_NAME = "$(TARGET_NAME)";
				WRAPPER_EXTENSION = app;
			};
			name = Debug;
		};
		DB476037156CE077008BFF3B /* Release */ = {
			isa = XCBuildConfiguration;
			buildSettings = {
				GCC_PRECOMPILE_PREFIX_HEADER = YES;
				GCC_PREFIX_HEADER = "NSCalenderSample/NSCalenderSample-Prefix.pch";
				INFOPLIST_FILE = "NSCalenderSample/NSCalenderSample-Info.plist";
				PRODUCT_NAME = "$(TARGET_NAME)";
				WRAPPER_EXTENSION = app;
			};
			name = Release;
		};
/* End XCBuildConfiguration section */

/* Begin XCConfigurationList section */
		DB476011156CE076008BFF3B /* Build configuration list for PBXProject "NSCalenderSample" */ = {
			isa = XCConfigurationList;
			buildConfigurations = (
				DB476033156CE077008BFF3B /* Debug */,
				DB476034156CE077008BFF3B /* Release */,
			);
			defaultConfigurationIsVisible = 0;
			defaultConfigurationName = Release;
		};
		DB476035156CE077008BFF3B /* Build configuration list for PBXNativeTarget "NSCalenderSample" */ = {
			isa = XCConfigurationList;
			buildConfigurations = (
				DB476036156CE077008BFF3B /* Debug */,
				DB476037156CE077008BFF3B /* Release */,
			);
			defaultConfigurationIsVisible = 0;
		};
/* End XCConfigurationList section */
	};
	rootObject = DB47600E156CE076008BFF3B /* Project object */;
}
