// !$*UTF8*$!
{
	archiveVersion = 1;
	classes = {
	};
	objectVersion = 46;
	objects = {

/* Begin PBXBuildFile section */
		DB3BEBC9156D7B550088B107 /* UIKit.framework in Frameworks */ = {isa = PBXBuildFile; fileRef = DB3BEBC8156D7B550088B107 /* UIKit.framework */; };
		DB3BEBCB156D7B550088B107 /* Foundation.framework in Frameworks */ = {isa = PBXBuildFile; fileRef = DB3BEBCA156D7B550088B107 /* Foundation.framework */; };
		DB3BEBCD156D7B550088B107 /* CoreGraphics.framework in Frameworks */ = {isa = PBXBuildFile; fileRef = DB3BEBCC156D7B550088B107 /* CoreGraphics.framework */; };
		DB3BEBD3156D7B550088B107 /* InfoPlist.strings in Resources */ = {isa = PBXBuildFile; fileRef = DB3BEBD1156D7B550088B107 /* InfoPlist.strings */; };
		DB3BEBD5156D7B550088B107 /* main.m in Sources */ = {isa = PBXBuildFile; fileRef = DB3BEBD4156D7B550088B107 /* main.m */; };
		DB3BEBD9156D7B550088B107 /* AppDelegate.m in Sources */ = {isa = PBXBuildFile; fileRef = DB3BEBD8156D7B550088B107 /* AppDelegate.m */; };
		DB3BEBDC156D7B550088B107 /* MainStoryboard.storyboard in Resources */ = {isa = PBXBuildFile; fileRef = DB3BEBDA156D7B550088B107 /* MainStoryboard.storyboard */; };
		DB3BEBDF156D7B550088B107 /* ViewController.m in Sources */ = {isa = PBXBuildFile; fileRef = DB3BEBDE156D7B550088B107 /* ViewController.m */; };
/* End PBXBuildFile section */

/* Begin PBXFileReference section */
		DB3BEBC4156D7B550088B107 /* OtherFileDelegatePicker.app */ = {isa = PBXFileReference; explicitFileType = wrapper.application; includeInIndex = 0; path = OtherFileDelegatePicker.app; sourceTree = BUILT_PRODUCTS_DIR; };
		DB3BEBC8156D7B550088B107 /* UIKit.framework */ = {isa = PBXFileReference; lastKnownFileType = wrapper.framework; name = UIKit.framework; path = System/Library/Frameworks/UIKit.framework; sourceTree = SDKROOT; };
		DB3BEBCA156D7B550088B107 /* Foundation.framework */ = {isa = PBXFileReference; lastKnownFileType = wrapper.framework; name = Foundation.framework; path = System/Library/Frameworks/Foundation.framework; sourceTree = SDKROOT; };
		DB3BEBCC156D7B550088B107 /* CoreGraphics.framework */ = {isa = PBXFileReference; lastKnownFileType = wrapper.framework; name = CoreGraphics.framework; path = System/Library/Frameworks/CoreGraphics.framework; sourceTree = SDKROOT; };
		DB3BEBD0156D7B550088B107 /* OtherFileDelegatePicker-Info.plist */ = {isa = PBXFileReference; path = "OtherFileDelegatePicker-Info.plist"; sourceTree = "<group>"; };
		DB3BEBD2156D7B550088B107 /* en */ = {isa = PBXFileReference; lastKnownFileType = text.plist.strings; name = en; path = en.lproj/InfoPlist.strings; sourceTree = "<group>"; };
		DB3BEBD4156D7B550088B107 /* main.m */ = {isa = PBXFileReference; lastKnownFileType = sourcecode.c.objc; path = main.m; sourceTree = "<group>"; };
		DB3BEBD6156D7B550088B107 /* OtherFileDelegatePicker-Prefix.pch */ = {isa = PBXFileReference; path = "OtherFileDelegatePicker-Prefix.pch"; sourceTree = "<group>"; };
		DB3BEBD7156D7B550088B107 /* AppDelegate.h */ = {isa = PBXFileReference; path = AppDelegate.h; sourceTree = "<group>"; };
		DB3BEBD8156D7B550088B107 /* AppDelegate.m */ = {isa = PBXFileReference; lastKnownFileType = sourcecode.c.objc; path = AppDelegate.m; sourceTree = "<group>"; };
		DB3BEBDB156D7B550088B107 /* en */ = {isa = PBXFileReference; lastKnownFileType = file.storyboard; name = en; path = en.lproj/MainStoryboard.storyboard; sourceTree = "<group>"; };
		DB3BEBDD156D7B550088B107 /* ViewController.h */ = {isa = PBXFileReference; path = ViewController.h; sourceTree = "<group>"; };
		DB3BEBDE156D7B550088B107 /* ViewController.m */ = {isa = PBXFileReference; lastKnownFileType = sourcecode.c.objc; path = ViewController.m; sourceTree = "<group>"; };
/* End PBXFileReference section */

/* Begin PBXFrameworksBuildPhase section */
		DB3BEBC1156D7B550088B107 /* Frameworks */ = {
			isa = PBXFrameworksBuildPhase;
			buildActionMask = 2147483647;
			files = (
				DB3BEBC9156D7B550088B107 /* UIKit.framework in Frameworks */,
				DB3BEBCB156D7B550088B107 /* Foundation.framework in Frameworks */,
				DB3BEBCD156D7B550088B107 /* CoreGraphics.framework in Frameworks */,
			);
			runOnlyForDeploymentPostprocessing = 0;
		};
/* End PBXFrameworksBuildPhase section */

/* Begin PBXGroup section */
		DB3BEBB9156D7B550088B107 = {
			isa = PBXGroup;
			children = (
				DB3BEBCE156D7B550088B107 /* OtherFileDelegatePicker */,
				DB3BEBC7156D7B550088B107 /* Frameworks */,
				DB3BEBC5156D7B550088B107 /* Products */,
			);
			sourceTree = "<group>";
		};
		DB3BEBC5156D7B550088B107 /* Products */ = {
			isa = PBXGroup;
			children = (
				DB3BEBC4156D7B550088B107 /* OtherFileDelegatePicker.app */,
			);
			name = Products;
			sourceTree = "<group>";
		};
		DB3BEBC7156D7B550088B107 /* Frameworks */ = {
			isa = PBXGroup;
			children = (
				DB3BEBC8156D7B550088B107 /* UIKit.framework */,
				DB3BEBCA156D7B550088B107 /* Foundation.framework */,
				DB3BEBCC156D7B550088B107 /* CoreGraphics.framework */,
			);
			name = Frameworks;
			sourceTree = "<group>";
		};
		DB3BEBCE156D7B550088B107 /* OtherFileDelegatePicker */ = {
			isa = PBXGroup;
			children = (
				DB3BEBD7156D7B550088B107 /* AppDelegate.h */,
				DB3BEBD8156D7B550088B107 /* AppDelegate.m */,
				DB3BEBDA156D7B550088B107 /* MainStoryboard.storyboard */,
				DB3BEBDD156D7B550088B107 /* ViewController.h */,
				DB3BEBDE156D7B550088B107 /* ViewController.m */,
				DB3BEBCF156D7B550088B107 /* Supporting Files */,
			);
			path = OtherFileDelegatePicker;
			sourceTree = "<group>";
		};
		DB3BEBCF156D7B550088B107 /* Supporting Files */ = {
			isa = PBXGroup;
			children = (
				DB3BEBD0156D7B550088B107 /* OtherFileDelegatePicker-Info.plist */,
				DB3BEBD1156D7B550088B107 /* InfoPlist.strings */,
				DB3BEBD4156D7B550088B107 /* main.m */,
				DB3BEBD6156D7B550088B107 /* OtherFileDelegatePicker-Prefix.pch */,
			);
			name = "Supporting Files";
			sourceTree = "<group>";
		};
/* End PBXGroup section */

/* Begin PBXNativeTarget section */
		DB3BEBC3156D7B550088B107 /* OtherFileDelegatePicker */ = {
			isa = PBXNativeTarget;
			buildConfigurationList = DB3BEBE2156D7B550088B107 /* Build configuration list for PBXNativeTarget "OtherFileDelegatePicker" */;
			buildPhases = (
				DB3BEBC0156D7B550088B107 /* Sources */,
				DB3BEBC1156D7B550088B107 /* Frameworks */,
				DB3BEBC2156D7B550088B107 /* Resources */,
			);
			buildRules = (
			);
			dependencies = (
			);
			name = OtherFileDelegatePicker;
			productName = OtherFileDelegatePicker;
			productReference = DB3BEBC4156D7B550088B107 /* OtherFileDelegatePicker.app */;
			productType = "com.apple.product-type.application";
		};
/* End PBXNativeTarget section */

/* Begin PBXProject section */
		DB3BEBBB156D7B550088B107 /* Project object */ = {
			isa = PBXProject;
			attributes = {
				LastUpgradeCheck = 0430;
				ORGANIZATIONNAME = "Keio University";
			};
			buildConfigurationList = DB3BEBBE156D7B550088B107 /* Build configuration list for PBXProject "OtherFileDelegatePicker" */;
			compatibilityVersion = "Xcode 3.2";
			developmentRegion = English;
			hasScannedForEncodings = 0;
			knownRegions = (
				en,
			);
			mainGroup = DB3BEBB9156D7B550088B107;
			productRefGroup = DB3BEBC5156D7B550088B107 /* Products */;
			projectDirPath = "";
			projectRoot = "";
			targets = (
				DB3BEBC3156D7B550088B107 /* OtherFileDelegatePicker */,
			);
		};
/* End PBXProject section */

/* Begin PBXResourcesBuildPhase section */
		DB3BEBC2156D7B550088B107 /* Resources */ = {
			isa = PBXResourcesBuildPhase;
			buildActionMask = 2147483647;
			files = (
				DB3BEBD3156D7B550088B107 /* InfoPlist.strings in Resources */,
				DB3BEBDC156D7B550088B107 /* MainStoryboard.storyboard in Resources */,
			);
			runOnlyForDeploymentPostprocessing = 0;
		};
/* End PBXResourcesBuildPhase section */

/* Begin PBXSourcesBuildPhase section */
		DB3BEBC0156D7B550088B107 /* Sources */ = {
			isa = PBXSourcesBuildPhase;
			buildActionMask = 2147483647;
			files = (
				DB3BEBD5156D7B550088B107 /* main.m in Sources */,
				DB3BEBD9156D7B550088B107 /* AppDelegate.m in Sources */,
				DB3BEBDF156D7B550088B107 /* ViewController.m in Sources */,
			);
			runOnlyForDeploymentPostprocessing = 0;
		};
/* End PBXSourcesBuildPhase section */

/* Begin PBXVariantGroup section */
		DB3BEBD1156D7B550088B107 /* InfoPlist.strings */ = {
			isa = PBXVariantGroup;
			children = (
				DB3BEBD2156D7B550088B107 /* en */,
			);
			name = InfoPlist.strings;
			sourceTree = "<group>";
		};
		DB3BEBDA156D7B550088B107 /* MainStoryboard.storyboard */ = {
			isa = PBXVariantGroup;
			children = (
				DB3BEBDB156D7B550088B107 /* en */,
			);
			name = MainStoryboard.storyboard;
			sourceTree = "<group>";
		};
/* End PBXVariantGroup section */

/* Begin XCBuildConfiguration section */
		DB3BEBE0156D7B550088B107 /* Debug */ = {
			isa = XCBuildConfiguration;
			buildSettings = {
				ALWAYS_SEARCH_USER_PATHS = NO;
				ARCHS = "$(ARCHS_STANDARD_32_BIT)";
				CLANG_ENABLE_OBJC_ARC = YES;
				"CODE_SIGN_IDENTITY[sdk=iphoneos*]" = "iPhone Developer";
				COPY_PHASE_STRIP = NO;
				GCC_C_LANGUAGE_STANDARD = gnu99;
				GCC_DYNAMIC_NO_PIC = NO;
				GCC_OPTIMIZATION_LEVEL = 0;
				GCC_PREPROCESSOR_DEFINITIONS = (
					"DEBUG=1",
					"$(inherited)",
				);
				GCC_SYMBOLS_PRIVATE_EXTERN = NO;
				GCC_VERSION = com.apple.compilers.llvm.clang.1_0;
				GCC_WARN_ABOUT_RETURN_TYPE = YES;
				GCC_WARN_UNINITIALIZED_AUTOS = YES;
				GCC_WARN_UNUSED_VARIABLE = YES;
				IPHONEOS_DEPLOYMENT_TARGET = 5.1;
				SDKROOT = iphoneos;
			};
			name = Debug;
		};
		DB3BEBE1156D7B550088B107 /* Release */ = {
			isa = XCBuildConfiguration;
			buildSettings = {
				ALWAYS_SEARCH_USER_PATHS = NO;
				ARCHS = "$(ARCHS_STANDARD_32_BIT)";
				CLANG_ENABLE_OBJC_ARC = YES;
				"CODE_SIGN_IDENTITY[sdk=iphoneos*]" = "iPhone Developer";
				COPY_PHASE_STRIP = YES;
				GCC_C_LANGUAGE_STANDARD = gnu99;
				GCC_VERSION = com.apple.compilers.llvm.clang.1_0;
				GCC_WARN_ABOUT_RETURN_TYPE = YES;
				GCC_WARN_UNINITIALIZED_AUTOS = YES;
				GCC_WARN_UNUSED_VARIABLE = YES;
				IPHONEOS_DEPLOYMENT_TARGET = 5.1;
				OTHER_CFLAGS = "-DNS_BLOCK_ASSERTIONS=1";
				SDKROOT = iphoneos;
				VALIDATE_PRODUCT = YES;
			};
			name = Release;
		};
		DB3BEBE3156D7B550088B107 /* Debug */ = {
			isa = XCBuildConfiguration;
			buildSettings = {
				GCC_PRECOMPILE_PREFIX_HEADER = YES;
				GCC_PREFIX_HEADER = "OtherFileDelegatePicker/OtherFileDelegatePicker-Prefix.pch";
				INFOPLIST_FILE = "OtherFileDelegatePicker/OtherFileDelegatePicker-Info.plist";
				PRODUCT_NAME = "$(TARGET_NAME)";
				WRAPPER_EXTENSION = app;
			};
			name = Debug;
		};
		DB3BEBE4156D7B550088B107 /* Release */ = {
			isa = XCBuildConfiguration;
			buildSettings = {
				GCC_PRECOMPILE_PREFIX_HEADER = YES;
				GCC_PREFIX_HEADER = "OtherFileDelegatePicker/OtherFileDelegatePicker-Prefix.pch";
				INFOPLIST_FILE = "OtherFileDelegatePicker/OtherFileDelegatePicker-Info.plist";
				PRODUCT_NAME = "$(TARGET_NAME)";
				WRAPPER_EXTENSION = app;
			};
			name = Release;
		};
/* End XCBuildConfiguration section */

/* Begin XCConfigurationList section */
		DB3BEBBE156D7B550088B107 /* Build configuration list for PBXProject "OtherFileDelegatePicker" */ = {
			isa = XCConfigurationList;
			buildConfigurations = (
				DB3BEBE0156D7B550088B107 /* Debug */,
				DB3BEBE1156D7B550088B107 /* Release */,
			);
			defaultConfigurationIsVisible = 0;
			defaultConfigurationName = Release;
		};
		DB3BEBE2156D7B550088B107 /* Build configuration list for PBXNativeTarget "OtherFileDelegatePicker" */ = {
			isa = XCConfigurationList;
			buildConfigurations = (
				DB3BEBE3156D7B550088B107 /* Debug */,
				DB3BEBE4156D7B550088B107 /* Release */,
			);
			defaultConfigurationIsVisible = 0;
		};
/* End XCConfigurationList section */
	};
	rootObject = DB3BEBBB156D7B550088B107 /* Project object */;
}
