// !$*UTF8*$!
{
	archiveVersion = 1;
	classes = {
	};
	objectVersion = 46;
	objects = {

/* Begin PBXBuildFile section */
		DB0D3E23156ADE2F00A9D8BD /* UIKit.framework in Frameworks */ = {isa = PBXBuildFile; fileRef = DB0D3E22156ADE2F00A9D8BD /* UIKit.framework */; };
		DB0D3E25156ADE2F00A9D8BD /* Foundation.framework in Frameworks */ = {isa = PBXBuildFile; fileRef = DB0D3E24156ADE2F00A9D8BD /* Foundation.framework */; };
		DB0D3E27156ADE2F00A9D8BD /* CoreGraphics.framework in Frameworks */ = {isa = PBXBuildFile; fileRef = DB0D3E26156ADE2F00A9D8BD /* CoreGraphics.framework */; };
		DB0D3E2D156ADE2F00A9D8BD /* InfoPlist.strings in Resources */ = {isa = PBXBuildFile; fileRef = DB0D3E2B156ADE2F00A9D8BD /* InfoPlist.strings */; };
		DB0D3E2F156ADE2F00A9D8BD /* main.m in Sources */ = {isa = PBXBuildFile; fileRef = DB0D3E2E156ADE2F00A9D8BD /* main.m */; };
		DB0D3E33156ADE2F00A9D8BD /* AppDelegate.m in Sources */ = {isa = PBXBuildFile; fileRef = DB0D3E32156ADE2F00A9D8BD /* AppDelegate.m */; };
		DB0D3E36156ADE2F00A9D8BD /* MainStoryboard.storyboard in Resources */ = {isa = PBXBuildFile; fileRef = DB0D3E34156ADE2F00A9D8BD /* MainStoryboard.storyboard */; };
		DB0D3E39156ADE2F00A9D8BD /* ViewController.m in Sources */ = {isa = PBXBuildFile; fileRef = DB0D3E38156ADE2F00A9D8BD /* ViewController.m */; };
/* End PBXBuildFile section */

/* Begin PBXFileReference section */
		DB0D3E1E156ADE2F00A9D8BD /* ShowPicker.app */ = {isa = PBXFileReference; explicitFileType = wrapper.application; includeInIndex = 0; path = ShowPicker.app; sourceTree = BUILT_PRODUCTS_DIR; };
		DB0D3E22156ADE2F00A9D8BD /* UIKit.framework */ = {isa = PBXFileReference; lastKnownFileType = wrapper.framework; name = UIKit.framework; path = System/Library/Frameworks/UIKit.framework; sourceTree = SDKROOT; };
		DB0D3E24156ADE2F00A9D8BD /* Foundation.framework */ = {isa = PBXFileReference; lastKnownFileType = wrapper.framework; name = Foundation.framework; path = System/Library/Frameworks/Foundation.framework; sourceTree = SDKROOT; };
		DB0D3E26156ADE2F00A9D8BD /* CoreGraphics.framework */ = {isa = PBXFileReference; lastKnownFileType = wrapper.framework; name = CoreGraphics.framework; path = System/Library/Frameworks/CoreGraphics.framework; sourceTree = SDKROOT; };
		DB0D3E2A156ADE2F00A9D8BD /* ShowPicker-Info.plist */ = {isa = PBXFileReference; lastKnownFileType = text.plist.xml; path = "ShowPicker-Info.plist"; sourceTree = "<group>"; };
		DB0D3E2C156ADE2F00A9D8BD /* en */ = {isa = PBXFileReference; lastKnownFileType = text.plist.strings; name = en; path = en.lproj/InfoPlist.strings; sourceTree = "<group>"; };
		DB0D3E2E156ADE2F00A9D8BD /* main.m */ = {isa = PBXFileReference; lastKnownFileType = sourcecode.c.objc; path = main.m; sourceTree = "<group>"; };
		DB0D3E30156ADE2F00A9D8BD /* ShowPicker-Prefix.pch */ = {isa = PBXFileReference; lastKnownFileType = sourcecode.c.h; path = "ShowPicker-Prefix.pch"; sourceTree = "<group>"; };
		DB0D3E31156ADE2F00A9D8BD /* AppDelegate.h */ = {isa = PBXFileReference; lastKnownFileType = sourcecode.c.h; path = AppDelegate.h; sourceTree = "<group>"; };
		DB0D3E32156ADE2F00A9D8BD /* AppDelegate.m */ = {isa = PBXFileReference; lastKnownFileType = sourcecode.c.objc; path = AppDelegate.m; sourceTree = "<group>"; };
		DB0D3E35156ADE2F00A9D8BD /* en */ = {isa = PBXFileReference; lastKnownFileType = file.storyboard; name = en; path = en.lproj/MainStoryboard.storyboard; sourceTree = "<group>"; };
		DB0D3E37156ADE2F00A9D8BD /* ViewController.h */ = {isa = PBXFileReference; lastKnownFileType = sourcecode.c.h; path = ViewController.h; sourceTree = "<group>"; };
		DB0D3E38156ADE2F00A9D8BD /* ViewController.m */ = {isa = PBXFileReference; lastKnownFileType = sourcecode.c.objc; path = ViewController.m; sourceTree = "<group>"; };
/* End PBXFileReference section */

/* Begin PBXFrameworksBuildPhase section */
		DB0D3E1B156ADE2F00A9D8BD /* Frameworks */ = {
			isa = PBXFrameworksBuildPhase;
			buildActionMask = 2147483647;
			files = (
				DB0D3E23156ADE2F00A9D8BD /* UIKit.framework in Frameworks */,
				DB0D3E25156ADE2F00A9D8BD /* Foundation.framework in Frameworks */,
				DB0D3E27156ADE2F00A9D8BD /* CoreGraphics.framework in Frameworks */,
			);
			runOnlyForDeploymentPostprocessing = 0;
		};
/* End PBXFrameworksBuildPhase section */

/* Begin PBXGroup section */
		DB0D3E13156ADE2F00A9D8BD = {
			isa = PBXGroup;
			children = (
				DB0D3E28156ADE2F00A9D8BD /* ShowPicker */,
				DB0D3E21156ADE2F00A9D8BD /* Frameworks */,
				DB0D3E1F156ADE2F00A9D8BD /* Products */,
			);
			sourceTree = "<group>";
		};
		DB0D3E1F156ADE2F00A9D8BD /* Products */ = {
			isa = PBXGroup;
			children = (
				DB0D3E1E156ADE2F00A9D8BD /* ShowPicker.app */,
			);
			name = Products;
			sourceTree = "<group>";
		};
		DB0D3E21156ADE2F00A9D8BD /* Frameworks */ = {
			isa = PBXGroup;
			children = (
				DB0D3E22156ADE2F00A9D8BD /* UIKit.framework */,
				DB0D3E24156ADE2F00A9D8BD /* Foundation.framework */,
				DB0D3E26156ADE2F00A9D8BD /* CoreGraphics.framework */,
			);
			name = Frameworks;
			sourceTree = "<group>";
		};
		DB0D3E28156ADE2F00A9D8BD /* ShowPicker */ = {
			isa = PBXGroup;
			children = (
				DB0D3E31156ADE2F00A9D8BD /* AppDelegate.h */,
				DB0D3E32156ADE2F00A9D8BD /* AppDelegate.m */,
				DB0D3E34156ADE2F00A9D8BD /* MainStoryboard.storyboard */,
				DB0D3E37156ADE2F00A9D8BD /* ViewController.h */,
				DB0D3E38156ADE2F00A9D8BD /* ViewController.m */,
				DB0D3E29156ADE2F00A9D8BD /* Supporting Files */,
			);
			path = ShowPicker;
			sourceTree = "<group>";
		};
		DB0D3E29156ADE2F00A9D8BD /* Supporting Files */ = {
			isa = PBXGroup;
			children = (
				DB0D3E2A156ADE2F00A9D8BD /* ShowPicker-Info.plist */,
				DB0D3E2B156ADE2F00A9D8BD /* InfoPlist.strings */,
				DB0D3E2E156ADE2F00A9D8BD /* main.m */,
				DB0D3E30156ADE2F00A9D8BD /* ShowPicker-Prefix.pch */,
			);
			name = "Supporting Files";
			sourceTree = "<group>";
		};
/* End PBXGroup section */

/* Begin PBXNativeTarget section */
		DB0D3E1D156ADE2F00A9D8BD /* ShowPicker */ = {
			isa = PBXNativeTarget;
			buildConfigurationList = DB0D3E3C156ADE2F00A9D8BD /* Build configuration list for PBXNativeTarget "ShowPicker" */;
			buildPhases = (
				DB0D3E1A156ADE2F00A9D8BD /* Sources */,
				DB0D3E1B156ADE2F00A9D8BD /* Frameworks */,
				DB0D3E1C156ADE2F00A9D8BD /* Resources */,
			);
			buildRules = (
			);
			dependencies = (
			);
			name = ShowPicker;
			productName = ShowPicker;
			productReference = DB0D3E1E156ADE2F00A9D8BD /* ShowPicker.app */;
			productType = "com.apple.product-type.application";
		};
/* End PBXNativeTarget section */

/* Begin PBXProject section */
		DB0D3E15156ADE2F00A9D8BD /* Project object */ = {
			isa = PBXProject;
			attributes = {
				LastUpgradeCheck = 0430;
				ORGANIZATIONNAME = "Keio University";
			};
			buildConfigurationList = DB0D3E18156ADE2F00A9D8BD /* Build configuration list for PBXProject "ShowPicker" */;
			compatibilityVersion = "Xcode 3.2";
			developmentRegion = English;
			hasScannedForEncodings = 0;
			knownRegions = (
				en,
			);
			mainGroup = DB0D3E13156ADE2F00A9D8BD;
			productRefGroup = DB0D3E1F156ADE2F00A9D8BD /* Products */;
			projectDirPath = "";
			projectRoot = "";
			targets = (
				DB0D3E1D156ADE2F00A9D8BD /* ShowPicker */,
			);
		};
/* End PBXProject section */

/* Begin PBXResourcesBuildPhase section */
		DB0D3E1C156ADE2F00A9D8BD /* Resources */ = {
			isa = PBXResourcesBuildPhase;
			buildActionMask = 2147483647;
			files = (
				DB0D3E2D156ADE2F00A9D8BD /* InfoPlist.strings in Resources */,
				DB0D3E36156ADE2F00A9D8BD /* MainStoryboard.storyboard in Resources */,
			);
			runOnlyForDeploymentPostprocessing = 0;
		};
/* End PBXResourcesBuildPhase section */

/* Begin PBXSourcesBuildPhase section */
		DB0D3E1A156ADE2F00A9D8BD /* Sources */ = {
			isa = PBXSourcesBuildPhase;
			buildActionMask = 2147483647;
			files = (
				DB0D3E2F156ADE2F00A9D8BD /* main.m in Sources */,
				DB0D3E33156ADE2F00A9D8BD /* AppDelegate.m in Sources */,
				DB0D3E39156ADE2F00A9D8BD /* ViewController.m in Sources */,
			);
			runOnlyForDeploymentPostprocessing = 0;
		};
/* End PBXSourcesBuildPhase section */

/* Begin PBXVariantGroup section */
		DB0D3E2B156ADE2F00A9D8BD /* InfoPlist.strings */ = {
			isa = PBXVariantGroup;
			children = (
				DB0D3E2C156ADE2F00A9D8BD /* en */,
			);
			name = InfoPlist.strings;
			sourceTree = "<group>";
		};
		DB0D3E34156ADE2F00A9D8BD /* MainStoryboard.storyboard */ = {
			isa = PBXVariantGroup;
			children = (
				DB0D3E35156ADE2F00A9D8BD /* en */,
			);
			name = MainStoryboard.storyboard;
			sourceTree = "<group>";
		};
/* End PBXVariantGroup section */

/* Begin XCBuildConfiguration section */
		DB0D3E3A156ADE2F00A9D8BD /* Debug */ = {
			isa = XCBuildConfiguration;
			buildSettings = {
				ALWAYS_SEARCH_USER_PATHS = NO;
				ARCHS = "$(ARCHS_STANDARD_32_BIT)";
				CLANG_ENABLE_OBJC_ARC = YES;
				"CODE_SIGN_IDENTITY[sdk=iphoneos*]" = "iPhone Developer";
				COPY_PHASE_STRIP = NO;
				GCC_C_LANGUAGE_STANDARD = gnu99;
				GCC_DYNAMIC_NO_PIC = NO;
				GCC_OPTIMIZATION_LEVEL = 0;
				GCC_PREPROCESSOR_DEFINITIONS = (
					"DEBUG=1",
					"$(inherited)",
				);
				GCC_SYMBOLS_PRIVATE_EXTERN = NO;
				GCC_VERSION = com.apple.compilers.llvm.clang.1_0;
				GCC_WARN_ABOUT_RETURN_TYPE = YES;
				GCC_WARN_UNINITIALIZED_AUTOS = YES;
				GCC_WARN_UNUSED_VARIABLE = YES;
				IPHONEOS_DEPLOYMENT_TARGET = 5.1;
				SDKROOT = iphoneos;
			};
			name = Debug;
		};
		DB0D3E3B156ADE2F00A9D8BD /* Release */ = {
			isa = XCBuildConfiguration;
			buildSettings = {
				ALWAYS_SEARCH_USER_PATHS = NO;
				ARCHS = "$(ARCHS_STANDARD_32_BIT)";
				CLANG_ENABLE_OBJC_ARC = YES;
				"CODE_SIGN_IDENTITY[sdk=iphoneos*]" = "iPhone Developer";
				COPY_PHASE_STRIP = YES;
				GCC_C_LANGUAGE_STANDARD = gnu99;
				GCC_VERSION = com.apple.compilers.llvm.clang.1_0;
				GCC_WARN_ABOUT_RETURN_TYPE = YES;
				GCC_WARN_UNINITIALIZED_AUTOS = YES;
				GCC_WARN_UNUSED_VARIABLE = YES;
				IPHONEOS_DEPLOYMENT_TARGET = 5.1;
				OTHER_CFLAGS = "-DNS_BLOCK_ASSERTIONS=1";
				SDKROOT = iphoneos;
				VALIDATE_PRODUCT = YES;
			};
			name = Release;
		};
		DB0D3E3D156ADE2F00A9D8BD /* Debug */ = {
			isa = XCBuildConfiguration;
			buildSettings = {
				GCC_PRECOMPILE_PREFIX_HEADER = YES;
				GCC_PREFIX_HEADER = "ShowPicker/ShowPicker-Prefix.pch";
				INFOPLIST_FILE = "ShowPicker/ShowPicker-Info.plist";
				PRODUCT_NAME = "$(TARGET_NAME)";
				WRAPPER_EXTENSION = app;
			};
			name = Debug;
		};
		DB0D3E3E156ADE2F00A9D8BD /* Release */ = {
			isa = XCBuildConfiguration;
			buildSettings = {
				GCC_PRECOMPILE_PREFIX_HEADER = YES;
				GCC_PREFIX_HEADER = "ShowPicker/ShowPicker-Prefix.pch";
				INFOPLIST_FILE = "ShowPicker/ShowPicker-Info.plist";
				PRODUCT_NAME = "$(TARGET_NAME)";
				WRAPPER_EXTENSION = app;
			};
			name = Release;
		};
/* End XCBuildConfiguration section */

/* Begin XCConfigurationList section */
		DB0D3E18156ADE2F00A9D8BD /* Build configuration list for PBXProject "ShowPicker" */ = {
			isa = XCConfigurationList;
			buildConfigurations = (
				DB0D3E3A156ADE2F00A9D8BD /* Debug */,
				DB0D3E3B156ADE2F00A9D8BD /* Release */,
			);
			defaultConfigurationIsVisible = 0;
			defaultConfigurationName = Release;
		};
		DB0D3E3C156ADE2F00A9D8BD /* Build configuration list for PBXNativeTarget "ShowPicker" */ = {
			isa = XCConfigurationList;
			buildConfigurations = (
				DB0D3E3D156ADE2F00A9D8BD /* Debug */,
				DB0D3E3E156ADE2F00A9D8BD /* Release */,
			);
			defaultConfigurationIsVisible = 0;
		};
/* End XCConfigurationList section */
	};
	rootObject = DB0D3E15156ADE2F00A9D8BD /* Project object */;
}
